
Microsoft Visual Studio Solution File, Format Version 12.00
# Visual Studio Version 17
VisualStudioVersion = 17.1.32407.343
MinimumVisualStudioVersion = 10.0.40219.1
Project("{FAE04EC0-301F-11D3-BF4B-00C04F79EFBC}") = "HWS_EntityFrameworkCore_2022_30_05", "HWS_EntityFrameworkCore_2022_30_05\HWS_EntityFrameworkCore_2022_30_05.csproj", "{CAE2E805-791B-474C-AB8F-A7420981BD26}"
EndProject
Global
	GlobalSection(SolutionConfigurationPlatforms) = preSolution
		Debug|Any CPU = Debug|Any CPU
		Release|Any CPU = Release|Any CPU
	EndGlobalSection
	GlobalSection(ProjectConfigurationPlatforms) = postSolution
		{CAE2E805-791B-474C-AB8F-A7420981BD26}.Debug|Any CPU.ActiveCfg = Debug|Any CPU
		{CAE2E805-791B-474C-AB8F-A7420981BD26}.Debug|Any CPU.Build.0 = Debug|Any CPU
		{CAE2E805-791B-474C-AB8F-A7420981BD26}.Release|Any CPU.ActiveCfg = Release|Any CPU
		{CAE2E805-791B-474C-AB8F-A7420981BD26}.Release|Any CPU.Build.0 = Release|Any CPU
	EndGlobalSection
	GlobalSection(SolutionProperties) = preSolution
		HideSolutionNode = FALSE
	EndGlobalSection
	GlobalSection(ExtensibilityGlobals) = postSolution
		SolutionGuid = {F59FA661-A726-403E-8C06-A1F2DB3C67EC}
	EndGlobalSection
EndGlobal
